
Microsoft Visual Studio Solution File, Format Version 12.00
# Visual Studio Version 16
VisualStudioVersion = 16.0.30517.126
MinimumVisualStudioVersion = 10.0.40219.1
Project("{FAE04EC0-301F-11D3-BF4B-00C04F79EFBC}") = "DMath", "DMath\DMath.csproj", "{26A11285-7268-4B31-9855-353B3525B678}"
EndProject
Global
	GlobalSection(SolutionConfigurationPlatforms) = preSolution
		Debug|Any CPU = Debug|Any CPU
		Release|Any CPU = Release|Any CPU
	EndGlobalSection
	GlobalSection(ProjectConfigurationPlatforms) = postSolution
		{26A11285-7268-4B31-9855-353B3525B678}.Debug|Any CPU.ActiveCfg = Debug|Any CPU
		{26A11285-7268-4B31-9855-353B3525B678}.Debug|Any CPU.Build.0 = Debug|Any CPU
		{26A11285-7268-4B31-9855-353B3525B678}.Release|Any CPU.ActiveCfg = Release|Any CPU
		{26A11285-7268-4B31-9855-353B3525B678}.Release|Any CPU.Build.0 = Release|Any CPU
	EndGlobalSection
	GlobalSection(SolutionProperties) = preSolution
		HideSolutionNode = FALSE
	EndGlobalSection
	GlobalSection(ExtensibilityGlobals) = postSolution
		SolutionGuid = {BB647789-CD94-462F-B954-3FDCC4F37A76}
	EndGlobalSection
EndGlobal
